PODS:
  - NMapsMap (3.16.0)
  - Realm (10.30.0):
    - Realm/Headers (= 10.30.0)
  - Realm/Headers (10.30.0)
  - RealmSwift (10.30.0):
    - Realm (= 10.30.0)
  - SnapKit (5.6.0)
  - Then (3.0.0)

DEPENDENCIES:
  - NMapsMap
  - RealmSwift (~> 10)
  - SnapKit (~> 5.6.0)
  - Then

SPEC REPOS:
  trunk:
    - NMapsMap
    - Realm
    - RealmSwift
    - SnapKit
    - Then

SPEC CHECKSUMS:
  NMapsMap: a2593320fca2bb09e521c05b4dffee4da42e96ed
  Realm: 247ccacf72e656c6ee09b242f7d24d5cf99cc058
  RealmSwift: b3f5c52afa6ac480bd9c3e791c2576f55b3ecb44
  SnapKit: e01d52ebb8ddbc333eefe2132acf85c8227d9c25
  Then: 844265ae87834bbe1147d91d5d41a404da2ec27d

PODFILE CHECKSUM: 38481976df83f8540dec6b0e1d1e3354f0958933

COCOAPODS: 1.11.3
